
Microsoft Visual Studio Solution File, Format Version 12.00
# Visual Studio Version 16
VisualStudioVersion = 16.0.30907.101
MinimumVisualStudioVersion = 10.0.40219.1
Project("{FAE04EC0-301F-11D3-BF4B-00C04F79EFBC}") = "Migration", "Migration\Migration.csproj", "{F6F39BAA-432B-4C02-89DF-0DC3AD174966}"
EndProject
Global
	GlobalSection(SolutionConfigurationPlatforms) = preSolution
		Debug|Any CPU = Debug|Any CPU
		Release|Any CPU = Release|Any CPU
	EndGlobalSection
	GlobalSection(ProjectConfigurationPlatforms) = postSolution
		{F6F39BAA-432B-4C02-89DF-0DC3AD174966}.Debug|Any CPU.ActiveCfg = Debug|Any CPU
		{F6F39BAA-432B-4C02-89DF-0DC3AD174966}.Debug|Any CPU.Build.0 = Debug|Any CPU
		{F6F39BAA-432B-4C02-89DF-0DC3AD174966}.Release|Any CPU.ActiveCfg = Release|Any CPU
		{F6F39BAA-432B-4C02-89DF-0DC3AD174966}.Release|Any CPU.Build.0 = Release|Any CPU
	EndGlobalSection
	GlobalSection(SolutionProperties) = preSolution
		HideSolutionNode = FALSE
	EndGlobalSection
	GlobalSection(ExtensibilityGlobals) = postSolution
		SolutionGuid = {779C5DDB-DC49-44AF-A67A-BAC0C24CC996}
	EndGlobalSection
EndGlobal
